
Microsoft Visual Studio Solution File, Format Version 12.00
# Visual Studio 15
VisualStudioVersion = 15.0.26730.16
MinimumVisualStudioVersion = 10.0.40219.1
Project("{FAE04EC0-301F-11D3-BF4B-00C04F79EFBC}") = "WebapplicationLab3", "WebApplication3\WebapplicationLab3.csproj", "{79DFCEB8-FCDF-49EF-9688-EC50D7573F3D}"
EndProject
Global
	GlobalSection(SolutionConfigurationPlatforms) = preSolution
		Debug|Any CPU = Debug|Any CPU
		Release|Any CPU = Release|Any CPU
	EndGlobalSection
	GlobalSection(ProjectConfigurationPlatforms) = postSolution
		{79DFCEB8-FCDF-49EF-9688-EC50D7573F3D}.Debug|Any CPU.ActiveCfg = Debug|Any CPU
		{79DFCEB8-FCDF-49EF-9688-EC50D7573F3D}.Debug|Any CPU.Build.0 = Debug|Any CPU
		{79DFCEB8-FCDF-49EF-9688-EC50D7573F3D}.Release|Any CPU.ActiveCfg = Release|Any CPU
		{79DFCEB8-FCDF-49EF-9688-EC50D7573F3D}.Release|Any CPU.Build.0 = Release|Any CPU
	EndGlobalSection
	GlobalSection(SolutionProperties) = preSolution
		HideSolutionNode = FALSE
	EndGlobalSection
	GlobalSection(ExtensibilityGlobals) = postSolution
		SolutionGuid = {4C8B5A5F-7F81-4638-9193-79CEF3783552}
	EndGlobalSection
EndGlobal
